
Microsoft Visual Studio Solution File, Format Version 12.00
# Visual Studio 15
VisualStudioVersion = 15.0.26430.16
MinimumVisualStudioVersion = 10.0.40219.1
Project("{2150E333-8FDC-42A3-9474-1A3956D46DE8}") = "DatabaseProjects", "DatabaseProjects", "{C7DEC54F-33D2-4870-8A0B-AC56FA50953B}"
EndProject
Project("{00D1A9C2-B5F0-4AF3-8072-F6C62B433612}") = "Vidly.DB.OLTP", "Vidly.DB.OLTP\Vidly.DB.OLTP.sqlproj", "{D79C808A-1FC6-44CB-8D65-323B74B7F985}"
EndProject
Project("{FAE04EC0-301F-11D3-BF4B-00C04F79EFBC}") = "Vidly.Web", "Vidly.Web\Vidly.Web.csproj", "{600EF3EF-C7F5-486B-9C04-E627FAB773D2}"
EndProject
Project("{FAE04EC0-301F-11D3-BF4B-00C04F79EFBC}") = "Vidly.Web.UnitTests", "Vidly.Web.UnitTests\Vidly.Web.UnitTests.csproj", "{1BA9624D-CEC8-4C4B-9A9D-CA7146AB3C39}"
EndProject
Project("{2150E333-8FDC-42A3-9474-1A3956D46DE8}") = "ConsoleDemoApps", "ConsoleDemoApps", "{6E14FABB-3434-41B3-9099-6D53C223F83E}"
EndProject
Project("{FAE04EC0-301F-11D3-BF4B-00C04F79EFBC}") = "VidlyConsoleApp01", "VidlyConsoleApp01\VidlyConsoleApp01.csproj", "{6B2C19CB-1BE2-49F3-B356-BD2BB92D2E80}"
EndProject
Project("{2150E333-8FDC-42A3-9474-1A3956D46DE8}") = "Shared", "Shared", "{8D5E3598-48B7-450B-8975-D49E1A367690}"
EndProject
Project("{FAE04EC0-301F-11D3-BF4B-00C04F79EFBC}") = "Vidly.Shared", "Vidly.Shared\Vidly.Shared.csproj", "{44F21414-D3FF-44C6-BB20-738227956AD4}"
EndProject
Project("{2150E333-8FDC-42A3-9474-1A3956D46DE8}") = "TestProjects", "TestProjects", "{97437A84-E4C0-471A-99F8-69576E371E66}"
EndProject
Project("{FAE04EC0-301F-11D3-BF4B-00C04F79EFBC}") = "Vidly.WebAPI", "Vidly.WebAPI\Vidly.WebAPI.csproj", "{536C76B2-5636-4543-84F9-6C2872DADB9F}"
EndProject
Project("{FAE04EC0-301F-11D3-BF4B-00C04F79EFBC}") = "Vidly.WebAPI.Tests", "Vidly.WebAPI.Tests\Vidly.WebAPI.Tests.csproj", "{7B479D2D-633B-4FE6-9ED8-A49FC1ECCD18}"
EndProject
Project("{FAE04EC0-301F-11D3-BF4B-00C04F79EFBC}") = "Vidly.DataServices", "Vidly.DataServices\Vidly.DataServices.csproj", "{C96E3AAA-780D-4B11-8964-46F3FCD01F90}"
EndProject
Global
	GlobalSection(SolutionConfigurationPlatforms) = preSolution
		Debug|Any CPU = Debug|Any CPU
		Release|Any CPU = Release|Any CPU
	EndGlobalSection
	GlobalSection(ProjectConfigurationPlatforms) = postSolution
		{D79C808A-1FC6-44CB-8D65-323B74B7F985}.Debug|Any CPU.ActiveCfg = Debug|Any CPU
		{D79C808A-1FC6-44CB-8D65-323B74B7F985}.Debug|Any CPU.Build.0 = Debug|Any CPU
		{D79C808A-1FC6-44CB-8D65-323B74B7F985}.Debug|Any CPU.Deploy.0 = Debug|Any CPU
		{D79C808A-1FC6-44CB-8D65-323B74B7F985}.Release|Any CPU.ActiveCfg = Release|Any CPU
		{D79C808A-1FC6-44CB-8D65-323B74B7F985}.Release|Any CPU.Build.0 = Release|Any CPU
		{D79C808A-1FC6-44CB-8D65-323B74B7F985}.Release|Any CPU.Deploy.0 = Release|Any CPU
		{600EF3EF-C7F5-486B-9C04-E627FAB773D2}.Debug|Any CPU.ActiveCfg = Debug|Any CPU
		{600EF3EF-C7F5-486B-9C04-E627FAB773D2}.Debug|Any CPU.Build.0 = Debug|Any CPU
		{600EF3EF-C7F5-486B-9C04-E627FAB773D2}.Release|Any CPU.ActiveCfg = Release|Any CPU
		{600EF3EF-C7F5-486B-9C04-E627FAB773D2}.Release|Any CPU.Build.0 = Release|Any CPU
		{1BA9624D-CEC8-4C4B-9A9D-CA7146AB3C39}.Debug|Any CPU.ActiveCfg = Debug|Any CPU
		{1BA9624D-CEC8-4C4B-9A9D-CA7146AB3C39}.Debug|Any CPU.Build.0 = Debug|Any CPU
		{1BA9624D-CEC8-4C4B-9A9D-CA7146AB3C39}.Release|Any CPU.ActiveCfg = Release|Any CPU
		{1BA9624D-CEC8-4C4B-9A9D-CA7146AB3C39}.Release|Any CPU.Build.0 = Release|Any CPU
		{6B2C19CB-1BE2-49F3-B356-BD2BB92D2E80}.Debug|Any CPU.ActiveCfg = Debug|Any CPU
		{6B2C19CB-1BE2-49F3-B356-BD2BB92D2E80}.Debug|Any CPU.Build.0 = Debug|Any CPU
		{6B2C19CB-1BE2-49F3-B356-BD2BB92D2E80}.Release|Any CPU.ActiveCfg = Release|Any CPU
		{6B2C19CB-1BE2-49F3-B356-BD2BB92D2E80}.Release|Any CPU.Build.0 = Release|Any CPU
		{44F21414-D3FF-44C6-BB20-738227956AD4}.Debug|Any CPU.ActiveCfg = Debug|Any CPU
		{44F21414-D3FF-44C6-BB20-738227956AD4}.Debug|Any CPU.Build.0 = Debug|Any CPU
		{44F21414-D3FF-44C6-BB20-738227956AD4}.Release|Any CPU.ActiveCfg = Release|Any CPU
		{44F21414-D3FF-44C6-BB20-738227956AD4}.Release|Any CPU.Build.0 = Release|Any CPU
		{536C76B2-5636-4543-84F9-6C2872DADB9F}.Debug|Any CPU.ActiveCfg = Debug|Any CPU
		{536C76B2-5636-4543-84F9-6C2872DADB9F}.Debug|Any CPU.Build.0 = Debug|Any CPU
		{536C76B2-5636-4543-84F9-6C2872DADB9F}.Release|Any CPU.ActiveCfg = Release|Any CPU
		{536C76B2-5636-4543-84F9-6C2872DADB9F}.Release|Any CPU.Build.0 = Release|Any CPU
		{7B479D2D-633B-4FE6-9ED8-A49FC1ECCD18}.Debug|Any CPU.ActiveCfg = Debug|Any CPU
		{7B479D2D-633B-4FE6-9ED8-A49FC1ECCD18}.Debug|Any CPU.Build.0 = Debug|Any CPU
		{7B479D2D-633B-4FE6-9ED8-A49FC1ECCD18}.Release|Any CPU.ActiveCfg = Release|Any CPU
		{7B479D2D-633B-4FE6-9ED8-A49FC1ECCD18}.Release|Any CPU.Build.0 = Release|Any CPU
		{C96E3AAA-780D-4B11-8964-46F3FCD01F90}.Debug|Any CPU.ActiveCfg = Debug|Any CPU
		{C96E3AAA-780D-4B11-8964-46F3FCD01F90}.Debug|Any CPU.Build.0 = Debug|Any CPU
		{C96E3AAA-780D-4B11-8964-46F3FCD01F90}.Release|Any CPU.ActiveCfg = Release|Any CPU
		{C96E3AAA-780D-4B11-8964-46F3FCD01F90}.Release|Any CPU.Build.0 = Release|Any CPU
	EndGlobalSection
	GlobalSection(SolutionProperties) = preSolution
		HideSolutionNode = FALSE
	EndGlobalSection
	GlobalSection(NestedProjects) = preSolution
		{D79C808A-1FC6-44CB-8D65-323B74B7F985} = {C7DEC54F-33D2-4870-8A0B-AC56FA50953B}
		{1BA9624D-CEC8-4C4B-9A9D-CA7146AB3C39} = {97437A84-E4C0-471A-99F8-69576E371E66}
		{6B2C19CB-1BE2-49F3-B356-BD2BB92D2E80} = {6E14FABB-3434-41B3-9099-6D53C223F83E}
		{44F21414-D3FF-44C6-BB20-738227956AD4} = {8D5E3598-48B7-450B-8975-D49E1A367690}
		{7B479D2D-633B-4FE6-9ED8-A49FC1ECCD18} = {97437A84-E4C0-471A-99F8-69576E371E66}
		{C96E3AAA-780D-4B11-8964-46F3FCD01F90} = {8D5E3598-48B7-450B-8975-D49E1A367690}
	EndGlobalSection
EndGlobal
